// !$*UTF8*$!
{
	archiveVersion = 1;
	classes = {
	};
	objectVersion = 50;
	objects = {

/* Begin PBXBuildFile section */
		492C13A724C7F3D30006B80E /* AppDelegate.swift in Sources */ = {isa = PBXBuildFile; fileRef = 492C13A624C7F3D30006B80E /* AppDelegate.swift */; };
		492C13A924C7F3D30006B80E /* SceneDelegate.swift in Sources */ = {isa = PBXBuildFile; fileRef = 492C13A824C7F3D30006B80E /* SceneDelegate.swift */; };
		492C13AC24C7F3D30006B80E /* _6_CoreData.xcdatamodeld in Sources */ = {isa = PBXBuildFile; fileRef = 492C13AA24C7F3D30006B80E /* _6_CoreData.xcdatamodeld */; };
		492C13AE24C7F3D30006B80E /* ContentView.swift in Sources */ = {isa = PBXBuildFile; fileRef = 492C13AD24C7F3D30006B80E /* ContentView.swift */; };
		492C13B024C7F3D90006B80E /* Assets.xcassets in Resources */ = {isa = PBXBuildFile; fileRef = 492C13AF24C7F3D90006B80E /* Assets.xcassets */; };
		492C13B324C7F3D90006B80E /* Preview Assets.xcassets in Resources */ = {isa = PBXBuildFile; fileRef = 492C13B224C7F3D90006B80E /* Preview Assets.xcassets */; };
		492C13B624C7F3D90006B80E /* LaunchScreen.storyboard in Resources */ = {isa = PBXBuildFile; fileRef = 492C13B424C7F3D90006B80E /* LaunchScreen.storyboard */; };
		492C13BE24C801110006B80E /* Person.swift in Sources */ = {isa = PBXBuildFile; fileRef = 492C13BD24C801110006B80E /* Person.swift */; };
/* End PBXBuildFile section */

/* Begin PBXFileReference section */
		492C13A324C7F3D30006B80E /* 16-CoreData.app */ = {isa = PBXFileReference; explicitFileType = wrapper.application; includeInIndex = 0; path = "16-CoreData.app"; sourceTree = BUILT_PRODUCTS_DIR; };
		492C13A624C7F3D30006B80E /* AppDelegate.swift */ = {isa = PBXFileReference; lastKnownFileType = sourcecode.swift; path = AppDelegate.swift; sourceTree = "<group>"; };
		492C13A824C7F3D30006B80E /* SceneDelegate.swift */ = {isa = PBXFileReference; lastKnownFileType = sourcecode.swift; path = SceneDelegate.swift; sourceTree = "<group>"; };
		492C13AB24C7F3D30006B80E /* _6_CoreData.xcdatamodel */ = {isa = PBXFileReference; lastKnownFileType = wrapper.xcdatamodel; path = _6_CoreData.xcdatamodel; sourceTree = "<group>"; };
		492C13AD24C7F3D30006B80E /* ContentView.swift */ = {isa = PBXFileReference; lastKnownFileType = sourcecode.swift; path = ContentView.swift; sourceTree = "<group>"; };
		492C13AF24C7F3D90006B80E /* Assets.xcassets */ = {isa = PBXFileReference; lastKnownFileType = folder.assetcatalog; path = Assets.xcassets; sourceTree = "<group>"; };
		492C13B224C7F3D90006B80E /* Preview Assets.xcassets */ = {isa = PBXFileReference; lastKnownFileType = folder.assetcatalog; path = "Preview Assets.xcassets"; sourceTree = "<group>"; };
		492C13B524C7F3D90006B80E /* Base */ = {isa = PBXFileReference; lastKnownFileType = file.storyboard; name = Base; path = Base.lproj/LaunchScreen.storyboard; sourceTree = "<group>"; };
		492C13B724C7F3D90006B80E /* Info.plist */ = {isa = PBXFileReference; lastKnownFileType = text.plist.xml; path = Info.plist; sourceTree = "<group>"; };
		492C13BD24C801110006B80E /* Person.swift */ = {isa = PBXFileReference; lastKnownFileType = sourcecode.swift; path = Person.swift; sourceTree = "<group>"; };
/* End PBXFileReference section */

/* Begin PBXFrameworksBuildPhase section */
		492C13A024C7F3D30006B80E /* Frameworks */ = {
			isa = PBXFrameworksBuildPhase;
			buildActionMask = 2147483647;
			files = (
			);
			runOnlyForDeploymentPostprocessing = 0;
		};
/* End PBXFrameworksBuildPhase section */

/* Begin PBXGroup section */
		492C139A24C7F3D30006B80E = {
			isa = PBXGroup;
			children = (
				492C13A524C7F3D30006B80E /* 16-CoreData */,
				492C13A424C7F3D30006B80E /* Products */,
			);
			sourceTree = "<group>";
		};
		492C13A424C7F3D30006B80E /* Products */ = {
			isa = PBXGroup;
			children = (
				492C13A324C7F3D30006B80E /* 16-CoreData.app */,
			);
			name = Products;
			sourceTree = "<group>";
		};
		492C13A524C7F3D30006B80E /* 16-CoreData */ = {
			isa = PBXGroup;
			children = (
				492C13A624C7F3D30006B80E /* AppDelegate.swift */,
				492C13A824C7F3D30006B80E /* SceneDelegate.swift */,
				492C13AD24C7F3D30006B80E /* ContentView.swift */,
				492C13BD24C801110006B80E /* Person.swift */,
				492C13AF24C7F3D90006B80E /* Assets.xcassets */,
				492C13B424C7F3D90006B80E /* LaunchScreen.storyboard */,
				492C13B724C7F3D90006B80E /* Info.plist */,
				492C13AA24C7F3D30006B80E /* _6_CoreData.xcdatamodeld */,
				492C13B124C7F3D90006B80E /* Preview Content */,
			);
			path = "16-CoreData";
			sourceTree = "<group>";
		};
		492C13B124C7F3D90006B80E /* Preview Content */ = {
			isa = PBXGroup;
			children = (
				492C13B224C7F3D90006B80E /* Preview Assets.xcassets */,
			);
			path = "Preview Content";
			sourceTree = "<group>";
		};
/* End PBXGroup section */

/* Begin PBXNativeTarget section */
		492C13A224C7F3D30006B80E /* 16-CoreData */ = {
			isa = PBXNativeTarget;
			buildConfigurationList = 492C13BA24C7F3D90006B80E /* Build configuration list for PBXNativeTarget "16-CoreData" */;
			buildPhases = (
				492C139F24C7F3D30006B80E /* Sources */,
				492C13A024C7F3D30006B80E /* Frameworks */,
				492C13A124C7F3D30006B80E /* Resources */,
			);
			buildRules = (
			);
			dependencies = (
			);
			name = "16-CoreData";
			productName = "16-CoreData";
			productReference = 492C13A324C7F3D30006B80E /* 16-CoreData.app */;
			productType = "com.apple.product-type.application";
		};
/* End PBXNativeTarget section */

/* Begin PBXProject section */
		492C139B24C7F3D30006B80E /* Project object */ = {
			isa = PBXProject;
			attributes = {
				LastSwiftUpdateCheck = 1160;
				LastUpgradeCheck = 1160;
				ORGANIZATIONNAME = "Du Sai";
				TargetAttributes = {
					492C13A224C7F3D30006B80E = {
						CreatedOnToolsVersion = 11.6;
					};
				};
			};
			buildConfigurationList = 492C139E24C7F3D30006B80E /* Build configuration list for PBXProject "16-CoreData" */;
			compatibilityVersion = "Xcode 9.3";
			developmentRegion = en;
			hasScannedForEncodings = 0;
			knownRegions = (
				en,
				Base,
			);
			mainGroup = 492C139A24C7F3D30006B80E;
			productRefGroup = 492C13A424C7F3D30006B80E /* Products */;
			projectDirPath = "";
			projectRoot = "";
			targets = (
				492C13A224C7F3D30006B80E /* 16-CoreData */,
			);
		};
/* End PBXProject section */

/* Begin PBXResourcesBuildPhase section */
		492C13A124C7F3D30006B80E /* Resources */ = {
			isa = PBXResourcesBuildPhase;
			buildActionMask = 2147483647;
			files = (
				492C13B624C7F3D90006B80E /* LaunchScreen.storyboard in Resources */,
				492C13B324C7F3D90006B80E /* Preview Assets.xcassets in Resources */,
				492C13B024C7F3D90006B80E /* Assets.xcassets in Resources */,
			);
			runOnlyForDeploymentPostprocessing = 0;
		};
/* End PBXResourcesBuildPhase section */

/* Begin PBXSourcesBuildPhase section */
		492C139F24C7F3D30006B80E /* Sources */ = {
			isa = PBXSourcesBuildPhase;
			buildActionMask = 2147483647;
			files = (
				492C13BE24C801110006B80E /* Person.swift in Sources */,
				492C13A724C7F3D30006B80E /* AppDelegate.swift in Sources */,
				492C13AC24C7F3D30006B80E /* _6_CoreData.xcdatamodeld in Sources */,
				492C13AE24C7F3D30006B80E /* ContentView.swift in Sources */,
				492C13A924C7F3D30006B80E /* SceneDelegate.swift in Sources */,
			);
			runOnlyForDeploymentPostprocessing = 0;
		};
/* End PBXSourcesBuildPhase section */

/* Begin PBXVariantGroup section */
		492C13B424C7F3D90006B80E /* LaunchScreen.storyboard */ = {
			isa = PBXVariantGroup;
			children = (
				492C13B524C7F3D90006B80E /* Base */,
			);
			name = LaunchScreen.storyboard;
			sourceTree = "<group>";
		};
/* End PBXVariantGroup section */

/* Begin XCBuildConfiguration section */
		492C13B824C7F3D90006B80E /* Debug */ = {
			isa = XCBuildConfiguration;
			buildSettings = {
				ALWAYS_SEARCH_USER_PATHS = NO;
				CLANG_ANALYZER_NONNULL = YES;
				CLANG_ANALYZER_NUMBER_OBJECT_CONVERSION = YES_AGGRESSIVE;
				CLANG_CXX_LANGUAGE_STANDARD = "gnu++14";
				CLANG_CXX_LIBRARY = "libc++";
				CLANG_ENABLE_MODULES = YES;
				CLANG_ENABLE_OBJC_ARC = YES;
				CLANG_ENABLE_OBJC_WEAK = YES;
				CLANG_WARN_BLOCK_CAPTURE_AUTORELEASING = YES;
				CLANG_WARN_BOOL_CONVERSION = YES;
				CLANG_WARN_COMMA = YES;
				CLANG_WARN_CONSTANT_CONVERSION = YES;
				CLANG_WARN_DEPRECATED_OBJC_IMPLEMENTATIONS = YES;
				CLANG_WARN_DIRECT_OBJC_ISA_USAGE = YES_ERROR;
				CLANG_WARN_DOCUMENTATION_COMMENTS = YES;
				CLANG_WARN_EMPTY_BODY = YES;
				CLANG_WARN_ENUM_CONVERSION = YES;
				CLANG_WARN_INFINITE_RECURSION = YES;
				CLANG_WARN_INT_CONVERSION = YES;
				CLANG_WARN_NON_LITERAL_NULL_CONVERSION = YES;
				CLANG_WARN_OBJC_IMPLICIT_RETAIN_SELF = YES;
				CLANG_WARN_OBJC_LITERAL_CONVERSION = YES;
				CLANG_WARN_OBJC_ROOT_CLASS = YES_ERROR;
				CLANG_WARN_RANGE_LOOP_ANALYSIS = YES;
				CLANG_WARN_STRICT_PROTOTYPES = YES;
				CLANG_WARN_SUSPICIOUS_MOVE = YES;
				CLANG_WARN_UNGUARDED_AVAILABILITY = YES_AGGRESSIVE;
				CLANG_WARN_UNREACHABLE_CODE = YES;
				CLANG_WARN__DUPLICATE_METHOD_MATCH = YES;
				COPY_PHASE_STRIP = NO;
				DEBUG_INFORMATION_FORMAT = dwarf;
				ENABLE_STRICT_OBJC_MSGSEND = YES;
				ENABLE_TESTABILITY = YES;
				GCC_C_LANGUAGE_STANDARD = gnu11;
				GCC_DYNAMIC_NO_PIC = NO;
				GCC_NO_COMMON_BLOCKS = YES;
				GCC_OPTIMIZATION_LEVEL = 0;
				GCC_PREPROCESSOR_DEFINITIONS = (
					"DEBUG=1",
					"$(inherited)",
				);
				GCC_WARN_64_TO_32_BIT_CONVERSION = YES;
				GCC_WARN_ABOUT_RETURN_TYPE = YES_ERROR;
				GCC_WARN_UNDECLARED_SELECTOR = YES;
				GCC_WARN_UNINITIALIZED_AUTOS = YES_AGGRESSIVE;
				GCC_WARN_UNUSED_FUNCTION = YES;
				GCC_WARN_UNUSED_VARIABLE = YES;
				IPHONEOS_DEPLOYMENT_TARGET = 13.6;
				MTL_ENABLE_DEBUG_INFO = INCLUDE_SOURCE;
				MTL_FAST_MATH = YES;
				ONLY_ACTIVE_ARCH = YES;
				SDKROOT = iphoneos;
				SWIFT_ACTIVE_COMPILATION_CONDITIONS = DEBUG;
				SWIFT_OPTIMIZATION_LEVEL = "-Onone";
			};
			name = Debug;
		};
		492C13B924C7F3D90006B80E /* Release */ = {
			isa = XCBuildConfiguration;
			buildSettings = {
				ALWAYS_SEARCH_USER_PATHS = NO;
				CLANG_ANALYZER_NONNULL = YES;
				CLANG_ANALYZER_NUMBER_OBJECT_CONVERSION = YES_AGGRESSIVE;
				CLANG_CXX_LANGUAGE_STANDARD = "gnu++14";
				CLANG_CXX_LIBRARY = "libc++";
				CLANG_ENABLE_MODULES = YES;
				CLANG_ENABLE_OBJC_ARC = YES;
				CLANG_ENABLE_OBJC_WEAK = YES;
				CLANG_WARN_BLOCK_CAPTURE_AUTORELEASING = YES;
				CLANG_WARN_BOOL_CONVERSION = YES;
				CLANG_WARN_COMMA = YES;
				CLANG_WARN_CONSTANT_CONVERSION = YES;
				CLANG_WARN_DEPRECATED_OBJC_IMPLEMENTATIONS = YES;
				CLANG_WARN_DIRECT_OBJC_ISA_USAGE = YES_ERROR;
				CLANG_WARN_DOCUMENTATION_COMMENTS = YES;
				CLANG_WARN_EMPTY_BODY = YES;
				CLANG_WARN_ENUM_CONVERSION = YES;
				CLANG_WARN_INFINITE_RECURSION = YES;
				CLANG_WARN_INT_CONVERSION = YES;
				CLANG_WARN_NON_LITERAL_NULL_CONVERSION = YES;
				CLANG_WARN_OBJC_IMPLICIT_RETAIN_SELF = YES;
				CLANG_WARN_OBJC_LITERAL_CONVERSION = YES;
				CLANG_WARN_OBJC_ROOT_CLASS = YES_ERROR;
				CLANG_WARN_RANGE_LOOP_ANALYSIS = YES;
				CLANG_WARN_STRICT_PROTOTYPES = YES;
				CLANG_WARN_SUSPICIOUS_MOVE = YES;
				CLANG_WARN_UNGUARDED_AVAILABILITY = YES_AGGRESSIVE;
				CLANG_WARN_UNREACHABLE_CODE = YES;
				CLANG_WARN__DUPLICATE_METHOD_MATCH = YES;
				COPY_PHASE_STRIP = NO;
				DEBUG_INFORMATION_FORMAT = "dwarf-with-dsym";
				ENABLE_NS_ASSERTIONS = NO;
				ENABLE_STRICT_OBJC_MSGSEND = YES;
				GCC_C_LANGUAGE_STANDARD = gnu11;
				GCC_NO_COMMON_BLOCKS = YES;
				GCC_WARN_64_TO_32_BIT_CONVERSION = YES;
				GCC_WARN_ABOUT_RETURN_TYPE = YES_ERROR;
				GCC_WARN_UNDECLARED_SELECTOR = YES;
				GCC_WARN_UNINITIALIZED_AUTOS = YES_AGGRESSIVE;
				GCC_WARN_UNUSED_FUNCTION = YES;
				GCC_WARN_UNUSED_VARIABLE = YES;
				IPHONEOS_DEPLOYMENT_TARGET = 13.6;
				MTL_ENABLE_DEBUG_INFO = NO;
				MTL_FAST_MATH = YES;
				SDKROOT = iphoneos;
				SWIFT_COMPILATION_MODE = wholemodule;
				SWIFT_OPTIMIZATION_LEVEL = "-O";
				VALIDATE_PRODUCT = YES;
			};
			name = Release;
		};
		492C13BB24C7F3D90006B80E /* Debug */ = {
			isa = XCBuildConfiguration;
			buildSettings = {
				ASSETCATALOG_COMPILER_APPICON_NAME = AppIcon;
				CODE_SIGN_STYLE = Automatic;
				DEVELOPMENT_ASSET_PATHS = "\"16-CoreData/Preview Content\"";
				DEVELOPMENT_TEAM = GP82W3YVGV;
				ENABLE_PREVIEWS = YES;
				INFOPLIST_FILE = "16-CoreData/Info.plist";
				LD_RUNPATH_SEARCH_PATHS = (
					"$(inherited)",
					"@executable_path/Frameworks",
				);
				PRODUCT_BUNDLE_IDENTIFIER = "com.dusaiphoto.-6-CoreData";
				PRODUCT_NAME = "$(TARGET_NAME)";
				SWIFT_VERSION = 5.0;
				TARGETED_DEVICE_FAMILY = "1,2";
			};
			name = Debug;
		};
		492C13BC24C7F3D90006B80E /* Release */ = {
			isa = XCBuildConfiguration;
			buildSettings = {
				ASSETCATALOG_COMPILER_APPICON_NAME = AppIcon;
				CODE_SIGN_STYLE = Automatic;
				DEVELOPMENT_ASSET_PATHS = "\"16-CoreData/Preview Content\"";
				DEVELOPMENT_TEAM = GP82W3YVGV;
				ENABLE_PREVIEWS = YES;
				INFOPLIST_FILE = "16-CoreData/Info.plist";
				LD_RUNPATH_SEARCH_PATHS = (
					"$(inherited)",
					"@executable_path/Frameworks",
				);
				PRODUCT_BUNDLE_IDENTIFIER = "com.dusaiphoto.-6-CoreData";
				PRODUCT_NAME = "$(TARGET_NAME)";
				SWIFT_VERSION = 5.0;
				TARGETED_DEVICE_FAMILY = "1,2";
			};
			name = Release;
		};
/* End XCBuildConfiguration section */

/* Begin XCConfigurationList section */
		492C139E24C7F3D30006B80E /* Build configuration list for PBXProject "16-CoreData" */ = {
			isa = XCConfigurationList;
			buildConfigurations = (
				492C13B824C7F3D90006B80E /* Debug */,
				492C13B924C7F3D90006B80E /* Release */,
			);
			defaultConfigurationIsVisible = 0;
			defaultConfigurationName = Release;
		};
		492C13BA24C7F3D90006B80E /* Build configuration list for PBXNativeTarget "16-CoreData" */ = {
			isa = XCConfigurationList;
			buildConfigurations = (
				492C13BB24C7F3D90006B80E /* Debug */,
				492C13BC24C7F3D90006B80E /* Release */,
			);
			defaultConfigurationIsVisible = 0;
			defaultConfigurationName = Release;
		};
/* End XCConfigurationList section */

/* Begin XCVersionGroup section */
		492C13AA24C7F3D30006B80E /* _6_CoreData.xcdatamodeld */ = {
			isa = XCVersionGroup;
			children = (
				492C13AB24C7F3D30006B80E /* _6_CoreData.xcdatamodel */,
			);
			currentVersion = 492C13AB24C7F3D30006B80E /* _6_CoreData.xcdatamodel */;
			path = _6_CoreData.xcdatamodeld;
			sourceTree = "<group>";
			versionGroupType = wrapper.xcdatamodel;
		};
/* End XCVersionGroup section */
	};
	rootObject = 492C139B24C7F3D30006B80E /* Project object */;
}
